
Microsoft Visual Studio Solution File, Format Version 12.00
# Visual Studio 14
VisualStudioVersion = 14.0.25420.1
MinimumVisualStudioVersion = 10.0.40219.1
Project("{8BC9CEB8-8B4A-11D0-8D11-00A0C91BC942}") = "vec_matrix_mult_VENGEANCE", "vec_matrix_mult_VENGEANCE\vec_matrix_mult_VENGEANCE.vcxproj", "{D6AA0069-0E9F-421D-AE6D-7A5F7A4111EC}"
EndProject
Global
	GlobalSection(SolutionConfigurationPlatforms) = preSolution
		Debug|x64 = Debug|x64
		Debug|x86 = Debug|x86
		Release|x64 = Release|x64
		Release|x86 = Release|x86
	EndGlobalSection
	GlobalSection(ProjectConfigurationPlatforms) = postSolution
		{D6AA0069-0E9F-421D-AE6D-7A5F7A4111EC}.Debug|x64.ActiveCfg = Debug|x64
		{D6AA0069-0E9F-421D-AE6D-7A5F7A4111EC}.Debug|x64.Build.0 = Debug|x64
		{D6AA0069-0E9F-421D-AE6D-7A5F7A4111EC}.Debug|x86.ActiveCfg = Debug|Win32
		{D6AA0069-0E9F-421D-AE6D-7A5F7A4111EC}.Debug|x86.Build.0 = Debug|Win32
		{D6AA0069-0E9F-421D-AE6D-7A5F7A4111EC}.Release|x64.ActiveCfg = Release|x64
		{D6AA0069-0E9F-421D-AE6D-7A5F7A4111EC}.Release|x64.Build.0 = Release|x64
		{D6AA0069-0E9F-421D-AE6D-7A5F7A4111EC}.Release|x86.ActiveCfg = Release|Win32
		{D6AA0069-0E9F-421D-AE6D-7A5F7A4111EC}.Release|x86.Build.0 = Release|Win32
	EndGlobalSection
	GlobalSection(SolutionProperties) = preSolution
		HideSolutionNode = FALSE
	EndGlobalSection
EndGlobal
